# This file is automatically @generated by Cargo.
# It is not intended for manual editing.
version = 3

[[package]]
name = "sage"
version = "0.0.2-dev"

[[package]]
name = "sage-hot-lib"
version = "0.0.2-dev"
dependencies = [
 "sage-hot-lib-macro",
]

[[package]]
name = "sage-hot-lib-macro"
version = "0.0.2-dev"
